
Microsoft Visual Studio Solution File, Format Version 12.00
# Visual Studio 15
VisualStudioVersion = 15.0.28307.168
MinimumVisualStudioVersion = 10.0.40219.1
Project("{888888A0-9F3D-457C-B088-3A5042F75D52}") = "BasicExample", "BasicExample\BasicExample.pyproj", "{D0675CBE-FDA7-49CC-ABE4-9F37093D4DE6}"
EndProject
Global
	GlobalSection(SolutionConfigurationPlatforms) = preSolution
		Debug|Any CPU = Debug|Any CPU
		Release|Any CPU = Release|Any CPU
	EndGlobalSection
	GlobalSection(ProjectConfigurationPlatforms) = postSolution
		{D0675CBE-FDA7-49CC-ABE4-9F37093D4DE6}.Debug|Any CPU.ActiveCfg = Debug|Any CPU
		{D0675CBE-FDA7-49CC-ABE4-9F37093D4DE6}.Debug|Any CPU.Build.0 = Debug|Any CPU
		{D0675CBE-FDA7-49CC-ABE4-9F37093D4DE6}.Release|Any CPU.ActiveCfg = Release|Any CPU
		{D0675CBE-FDA7-49CC-ABE4-9F37093D4DE6}.Release|Any CPU.Build.0 = Release|Any CPU
	EndGlobalSection
	GlobalSection(SolutionProperties) = preSolution
		HideSolutionNode = FALSE
	EndGlobalSection
	GlobalSection(ExtensibilityGlobals) = postSolution
		SolutionGuid = {51B4CE7F-EB29-4AD6-A3C9-BDC407A46F7C}
	EndGlobalSection
EndGlobal
